{
  "name": "sst-v3",
  "version": "1.0.0",
  "lockfileVersion": 3,
  "requires": true,
  "packages": {
    "": {
      "name": "sst-v3",
      "version": "1.0.0",
      "license": "ISC",
      "dependencies": {
        "sst": "3.2.45"
      },
      "devDependencies": {
        "@types/aws-lambda": "8.10.145"
      }
    },
    "node_modules/@types/aws-lambda": {
      "version": "8.10.145",
      "resolved": "https://registry.npmjs.org/@types/aws-lambda/-/aws-lambda-8.10.145.tgz",
      "integrity": "sha512-dtByW6WiFk5W5Jfgz1VM+YPA21xMXTuSFoLYIDY0L44jDLLflVPtZkYuu3/YxpGcvjzKFBZLU+GyKjR0HOYtyw==",
      "dev": true
    },
    "node_modules/aws4fetch": {
      "version": "1.0.20",
      "resolved": "https://registry.npmjs.org/aws4fetch/-/aws4fetch-1.0.20.tgz",
      "integrity": "sha512-/djoAN709iY65ETD6LKCtyyEI04XIBP5xVvfmNxsEP0uJB5tyaGBztSryRr4HqMStr9R06PisQE7m9zDTXKu6g=="
    },
    "node_modules/jose": {
      "version": "5.2.3",
      "resolved": "https://registry.npmjs.org/jose/-/jose-5.2.3.tgz",
      "integrity": "sha512-KUXdbctm1uHVL8BYhnyHkgp3zDX5KW8ZhAKVFEfUbU2P8Alpzjb+48hHvjOdQIyPshoblhzsuqOwEEAbtHVirA==",
      "funding": {
        "url": "https://github.com/sponsors/panva"
      }
    },
    "node_modules/lru-cache": {
      "version": "6.0.0",
      "resolved": "https://registry.npmjs.org/lru-cache/-/lru-cache-6.0.0.tgz",
      "integrity": "sha512-Jo6dJ04CmSjuznwJSS3pUeWmd/H0ffTlkXXgwZi+eq1UCmqQwCh+eLsYOYCwY991i2Fah4h1BEMCx4qThGbsiA==",
      "dependencies": {
        "yallist": "^4.0.0"
      },
      "engines": {
        "node": ">=10"
      }
    },
    "node_modules/object-hash": {
      "version": "2.2.0",
      "resolved": "https://registry.npmjs.org/object-hash/-/object-hash-2.2.0.tgz",
      "integrity": "sha512-gScRMn0bS5fH+IuwyIFgnh9zBdo4DV+6GhygmWM9HyNJSgS0hScp1f5vjtm7oIIOiT9trXrShAkLFSc2IqKNgw==",
      "engines": {
        "node": ">= 6"
      }
    },
    "node_modules/oidc-token-hash": {
      "version": "5.0.3",
      "resolved": "https://registry.npmjs.org/oidc-token-hash/-/oidc-token-hash-5.0.3.tgz",
      "integrity": "sha512-IF4PcGgzAr6XXSff26Sk/+P4KZFJVuHAJZj3wgO3vX2bMdNVp/QXTP3P7CEm9V1IdG8lDLY3HhiqpsE/nOwpPw==",
      "engines": {
        "node": "^10.13.0 || >=12.0.0"
      }
    },
    "node_modules/openid-client": {
      "version": "5.6.4",
      "resolved": "https://registry.npmjs.org/openid-client/-/openid-client-5.6.4.tgz",
      "integrity": "sha512-T1h3B10BRPKfcObdBklX639tVz+xh34O7GjofqrqiAQdm7eHsQ00ih18x6wuJ/E6FxdtS2u3FmUGPDeEcMwzNA==",
      "dependencies": {
        "jose": "^4.15.4",
        "lru-cache": "^6.0.0",
        "object-hash": "^2.2.0",
        "oidc-token-hash": "^5.0.3"
      },
      "funding": {
        "url": "https://github.com/sponsors/panva"
      }
    },
    "node_modules/openid-client/node_modules/jose": {
      "version": "4.15.9",
      "resolved": "https://registry.npmjs.org/jose/-/jose-4.15.9.tgz",
      "integrity": "sha512-1vUQX+IdDMVPj4k8kOxgUqlcK518yluMuGZwqlr44FS1ppZB/5GWh4rZG89erpOBOJjU/OBsnCVFfapsRz6nEA==",
      "funding": {
        "url": "https://github.com/sponsors/panva"
      }
    },
    "node_modules/sst": {
      "version": "3.2.45",
      "resolved": "https://registry.npmjs.org/sst/-/sst-3.2.45.tgz",
      "integrity": "sha512-9lLYwY1RbFZK/PKXvUO3AA9NXNEbBbAv7cqUbuimdos+Hg7j7fpHnnHyzkwGkIQ/PoKPvuW/34OkQMaeoU6BCQ==",
      "dependencies": {
        "aws4fetch": "^1.0.18",
        "jose": "5.2.3",
        "openid-client": "5.6.4"
      },
      "bin": {
        "sst": "bin/sst.mjs"
      },
      "optionalDependencies": {
        "sst-darwin-arm64": "3.2.45",
        "sst-darwin-x64": "3.2.45",
        "sst-linux-arm64": "3.2.45",
        "sst-linux-x64": "3.2.45",
        "sst-linux-x86": "3.2.45"
      },
      "peerDependencies": {
        "hono": "4.x",
        "valibot": "0.30.x"
      },
      "peerDependenciesMeta": {
        "hono": {
          "optional": true
        },
        "valibot": {
          "optional": true
        }
      }
    },
    "node_modules/sst-darwin-arm64": {
      "version": "3.2.45",
      "resolved": "https://registry.npmjs.org/sst-darwin-arm64/-/sst-darwin-arm64-3.2.45.tgz",
      "integrity": "sha512-gq0h/KpMTrEimENxtm1OA1oRaWebiM6qE+ciABimvAQ2QrVJs4fsKcGAwWSkNRfAy89dvHUCd+DZS9Bb+m8Zqw==",
      "cpu": [
        "arm64"
      ],
      "optional": true,
      "os": [
        "darwin"
      ]
    },
    "node_modules/sst-darwin-x64": {
      "version": "3.2.45",
      "resolved": "https://registry.npmjs.org/sst-darwin-x64/-/sst-darwin-x64-3.2.45.tgz",
      "integrity": "sha512-F1sicn7B1UL6rcJtqjre48C86sO31PLuzjTgK7Dh/z9Weqj5jAJmb4BpAK8daP0VVr/Ya3gKLEvbfS58EQvfCA==",
      "cpu": [
        "x64"
      ],
      "optional": true,
      "os": [
        "darwin"
      ]
    },
    "node_modules/sst-linux-arm64": {
      "version": "3.2.45",
      "resolved": "https://registry.npmjs.org/sst-linux-arm64/-/sst-linux-arm64-3.2.45.tgz",
      "integrity": "sha512-g9nprvSr64JJGRBMo9ZqiygXUN+CFdAwiSlpuoEzOpIZofFObGwo9ctu7+5iApFRxVeAWdMXAl7VPE0somKs+g==",
      "cpu": [
        "arm64"
      ],
      "optional": true,
      "os": [
        "linux"
      ]
    },
    "node_modules/sst-linux-x64": {
      "version": "3.2.45",
      "resolved": "https://registry.npmjs.org/sst-linux-x64/-/sst-linux-x64-3.2.45.tgz",
      "integrity": "sha512-90xg2iIyFaHIaOvcMNPXEo8OaBrIgSNhqFgKcC+TqoscOM0CoGC6ZFiLBmYoVMADS0WBDs1i4cRNSgxcBcpLQA==",
      "cpu": [
        "x64"
      ],
      "optional": true,
      "os": [
        "linux"
      ]
    },
    "node_modules/sst-linux-x86": {
      "version": "3.2.45",
      "resolved": "https://registry.npmjs.org/sst-linux-x86/-/sst-linux-x86-3.2.45.tgz",
      "integrity": "sha512-xJXd+i+6m7wwYAVf5YRnuYZGHqZESoej/ahK5XVMMzx5fRTDs+Z+jnMoFynViBMucdbfOeNTgPjNKfoLfL0iFg==",
      "cpu": [
        "x86"
      ],
      "optional": true,
      "os": [
        "linux"
      ]
    },
    "node_modules/yallist": {
      "version": "4.0.0",
      "resolved": "https://registry.npmjs.org/yallist/-/yallist-4.0.0.tgz",
      "integrity": "sha512-3wdGidZyq5PB084XLES5TpOSRA3wjXAlIWMhum2kRcv/41Sn2emQ0dycQW4uZXLejwKvg6EsvbdlVL+FYEct7A=="
    }
  }
}
